
Microsoft Visual Studio Solution File, Format Version 12.00
# Visual Studio 14
VisualStudioVersion = 14.0.23107.0
MinimumVisualStudioVersion = 10.0.40219.1
Project("{FAE04EC0-301F-11D3-BF4B-00C04F79EFBC}") = "PrintGame", "PrintGame\PrintGame.csproj", "{78673E7E-783E-4257-9908-20AD7F69FF5E}"
EndProject
Project("{FAE04EC0-301F-11D3-BF4B-00C04F79EFBC}") = "CMS", "CMS\CMS.csproj", "{88FA846E-602E-439D-A41F-C236C7B8A677}"
EndProject
Project("{2150E333-8FDC-42A3-9474-1A3956D46DE8}") = "Solution Items", "Solution Items", "{08C65AEA-A763-4B3C-8283-F9935B4B0EA8}"
	ProjectSection(SolutionItems) = preProject
		WebEssentials2015-Settings.json = WebEssentials2015-Settings.json
	EndProjectSection
EndProject
Project("{FAE04EC0-301F-11D3-BF4B-00C04F79EFBC}") = "Kostil1", "Kostil1\Kostil1.csproj", "{E0BB9E79-96E6-4A90-9A88-4CBC7E5A240E}"
EndProject
Global
	GlobalSection(SolutionConfigurationPlatforms) = preSolution
		Debug|Any CPU = Debug|Any CPU
		Release|Any CPU = Release|Any CPU
	EndGlobalSection
	GlobalSection(ProjectConfigurationPlatforms) = postSolution
		{78673E7E-783E-4257-9908-20AD7F69FF5E}.Debug|Any CPU.ActiveCfg = Debug|Any CPU
		{78673E7E-783E-4257-9908-20AD7F69FF5E}.Debug|Any CPU.Build.0 = Debug|Any CPU
		{78673E7E-783E-4257-9908-20AD7F69FF5E}.Release|Any CPU.ActiveCfg = Release|Any CPU
		{78673E7E-783E-4257-9908-20AD7F69FF5E}.Release|Any CPU.Build.0 = Release|Any CPU
		{88FA846E-602E-439D-A41F-C236C7B8A677}.Debug|Any CPU.ActiveCfg = Debug|Any CPU
		{88FA846E-602E-439D-A41F-C236C7B8A677}.Debug|Any CPU.Build.0 = Debug|Any CPU
		{88FA846E-602E-439D-A41F-C236C7B8A677}.Release|Any CPU.ActiveCfg = Release|Any CPU
		{88FA846E-602E-439D-A41F-C236C7B8A677}.Release|Any CPU.Build.0 = Release|Any CPU
		{E0BB9E79-96E6-4A90-9A88-4CBC7E5A240E}.Debug|Any CPU.ActiveCfg = Debug|Any CPU
		{E0BB9E79-96E6-4A90-9A88-4CBC7E5A240E}.Debug|Any CPU.Build.0 = Debug|Any CPU
		{E0BB9E79-96E6-4A90-9A88-4CBC7E5A240E}.Release|Any CPU.ActiveCfg = Release|Any CPU
		{E0BB9E79-96E6-4A90-9A88-4CBC7E5A240E}.Release|Any CPU.Build.0 = Release|Any CPU
	EndGlobalSection
	GlobalSection(SolutionProperties) = preSolution
		HideSolutionNode = FALSE
	EndGlobalSection
EndGlobal
